// !$*UTF8*$!
{
	archiveVersion = 1;
	classes = {
	};
	objectVersion = 48;
	objects = {

/* Begin PBXBuildFile section */
		69BFB07A1FA99B0000F4BFC1 /* AppDelegate.swift in Sources */ = {isa = PBXBuildFile; fileRef = 69BFB0791FA99B0000F4BFC1 /* AppDelegate.swift */; };
		69BFB07C1FA99B0000F4BFC1 /* ViewController.swift in Sources */ = {isa = PBXBuildFile; fileRef = 69BFB07B1FA99B0000F4BFC1 /* ViewController.swift */; };
		69BFB07F1FA99B0000F4BFC1 /* Main.storyboard in Resources */ = {isa = PBXBuildFile; fileRef = 69BFB07D1FA99B0000F4BFC1 /* Main.storyboard */; };
		69BFB0811FA99B0000F4BFC1 /* Assets.xcassets in Resources */ = {isa = PBXBuildFile; fileRef = 69BFB0801FA99B0000F4BFC1 /* Assets.xcassets */; };
		69BFB0841FA99B0000F4BFC1 /* LaunchScreen.storyboard in Resources */ = {isa = PBXBuildFile; fileRef = 69BFB0821FA99B0000F4BFC1 /* LaunchScreen.storyboard */; };
		69BFB08F1FA99B0000F4BFC1 /* SwiftEnumColorTests.swift in Sources */ = {isa = PBXBuildFile; fileRef = 69BFB08E1FA99B0000F4BFC1 /* SwiftEnumColorTests.swift */; };
		69BFB09A1FA99B0000F4BFC1 /* SwiftEnumColorUITests.swift in Sources */ = {isa = PBXBuildFile; fileRef = 69BFB0991FA99B0000F4BFC1 /* SwiftEnumColorUITests.swift */; };
		69BFB0AA1FA99BC500F4BFC1 /* UIColor+SBColor.swift in Sources */ = {isa = PBXBuildFile; fileRef = 69BFB0A91FA99BC500F4BFC1 /* UIColor+SBColor.swift */; };
/* End PBXBuildFile section */

/* Begin PBXContainerItemProxy section */
		69BFB08B1FA99B0000F4BFC1 /* PBXContainerItemProxy */ = {
			isa = PBXContainerItemProxy;
			containerPortal = 69BFB06E1FA99B0000F4BFC1 /* Project object */;
			proxyType = 1;
			remoteGlobalIDString = 69BFB0751FA99B0000F4BFC1;
			remoteInfo = SwiftEnumColor;
		};
		69BFB0961FA99B0000F4BFC1 /* PBXContainerItemProxy */ = {
			isa = PBXContainerItemProxy;
			containerPortal = 69BFB06E1FA99B0000F4BFC1 /* Project object */;
			proxyType = 1;
			remoteGlobalIDString = 69BFB0751FA99B0000F4BFC1;
			remoteInfo = SwiftEnumColor;
		};
/* End PBXContainerItemProxy section */

/* Begin PBXFileReference section */
		69BFB0761FA99B0000F4BFC1 /* SwiftEnumColor.app */ = {isa = PBXFileReference; explicitFileType = wrapper.application; includeInIndex = 0; path = SwiftEnumColor.app; sourceTree = BUILT_PRODUCTS_DIR; };
		69BFB0791FA99B0000F4BFC1 /* AppDelegate.swift */ = {isa = PBXFileReference; lastKnownFileType = sourcecode.swift; path = AppDelegate.swift; sourceTree = "<group>"; };
		69BFB07B1FA99B0000F4BFC1 /* ViewController.swift */ = {isa = PBXFileReference; lastKnownFileType = sourcecode.swift; path = ViewController.swift; sourceTree = "<group>"; };
		69BFB07E1FA99B0000F4BFC1 /* Base */ = {isa = PBXFileReference; lastKnownFileType = file.storyboard; name = Base; path = Base.lproj/Main.storyboard; sourceTree = "<group>"; };
		69BFB0801FA99B0000F4BFC1 /* Assets.xcassets */ = {isa = PBXFileReference; lastKnownFileType = folder.assetcatalog; path = Assets.xcassets; sourceTree = "<group>"; };
		69BFB0831FA99B0000F4BFC1 /* Base */ = {isa = PBXFileReference; lastKnownFileType = file.storyboard; name = Base; path = Base.lproj/LaunchScreen.storyboard; sourceTree = "<group>"; };
		69BFB0851FA99B0000F4BFC1 /* Info.plist */ = {isa = PBXFileReference; lastKnownFileType = text.plist.xml; path = Info.plist; sourceTree = "<group>"; };
		69BFB08A1FA99B0000F4BFC1 /* SwiftEnumColorTests.xctest */ = {isa = PBXFileReference; explicitFileType = wrapper.cfbundle; includeInIndex = 0; path = SwiftEnumColorTests.xctest; sourceTree = BUILT_PRODUCTS_DIR; };
		69BFB08E1FA99B0000F4BFC1 /* SwiftEnumColorTests.swift */ = {isa = PBXFileReference; lastKnownFileType = sourcecode.swift; path = SwiftEnumColorTests.swift; sourceTree = "<group>"; };
		69BFB0901FA99B0000F4BFC1 /* Info.plist */ = {isa = PBXFileReference; lastKnownFileType = text.plist.xml; path = Info.plist; sourceTree = "<group>"; };
		69BFB0951FA99B0000F4BFC1 /* SwiftEnumColorUITests.xctest */ = {isa = PBXFileReference; explicitFileType = wrapper.cfbundle; includeInIndex = 0; path = SwiftEnumColorUITests.xctest; sourceTree = BUILT_PRODUCTS_DIR; };
		69BFB0991FA99B0000F4BFC1 /* SwiftEnumColorUITests.swift */ = {isa = PBXFileReference; lastKnownFileType = sourcecode.swift; path = SwiftEnumColorUITests.swift; sourceTree = "<group>"; };
		69BFB09B1FA99B0000F4BFC1 /* Info.plist */ = {isa = PBXFileReference; lastKnownFileType = text.plist.xml; path = Info.plist; sourceTree = "<group>"; };
		69BFB0A91FA99BC500F4BFC1 /* UIColor+SBColor.swift */ = {isa = PBXFileReference; lastKnownFileType = sourcecode.swift; path = "UIColor+SBColor.swift"; sourceTree = "<group>"; };
/* End PBXFileReference section */

/* Begin PBXFrameworksBuildPhase section */
		69BFB0731FA99B0000F4BFC1 /* Frameworks */ = {
			isa = PBXFrameworksBuildPhase;
			buildActionMask = 2147483647;
			files = (
			);
			runOnlyForDeploymentPostprocessing = 0;
		};
		69BFB0871FA99B0000F4BFC1 /* Frameworks */ = {
			isa = PBXFrameworksBuildPhase;
			buildActionMask = 2147483647;
			files = (
			);
			runOnlyForDeploymentPostprocessing = 0;
		};
		69BFB0921FA99B0000F4BFC1 /* Frameworks */ = {
			isa = PBXFrameworksBuildPhase;
			buildActionMask = 2147483647;
			files = (
			);
			runOnlyForDeploymentPostprocessing = 0;
		};
/* End PBXFrameworksBuildPhase section */

/* Begin PBXGroup section */
		69BFB06D1FA99B0000F4BFC1 = {
			isa = PBXGroup;
			children = (
				69BFB0781FA99B0000F4BFC1 /* SwiftEnumColor */,
				69BFB08D1FA99B0000F4BFC1 /* SwiftEnumColorTests */,
				69BFB0981FA99B0000F4BFC1 /* SwiftEnumColorUITests */,
				69BFB0771FA99B0000F4BFC1 /* Products */,
			);
			sourceTree = "<group>";
		};
		69BFB0771FA99B0000F4BFC1 /* Products */ = {
			isa = PBXGroup;
			children = (
				69BFB0761FA99B0000F4BFC1 /* SwiftEnumColor.app */,
				69BFB08A1FA99B0000F4BFC1 /* SwiftEnumColorTests.xctest */,
				69BFB0951FA99B0000F4BFC1 /* SwiftEnumColorUITests.xctest */,
			);
			name = Products;
			sourceTree = "<group>";
		};
		69BFB0781FA99B0000F4BFC1 /* SwiftEnumColor */ = {
			isa = PBXGroup;
			children = (
				69BFB0791FA99B0000F4BFC1 /* AppDelegate.swift */,
				69BFB07B1FA99B0000F4BFC1 /* ViewController.swift */,
				69BFB0A91FA99BC500F4BFC1 /* UIColor+SBColor.swift */,
				69BFB07D1FA99B0000F4BFC1 /* Main.storyboard */,
				69BFB0801FA99B0000F4BFC1 /* Assets.xcassets */,
				69BFB0821FA99B0000F4BFC1 /* LaunchScreen.storyboard */,
				69BFB0851FA99B0000F4BFC1 /* Info.plist */,
			);
			path = SwiftEnumColor;
			sourceTree = "<group>";
		};
		69BFB08D1FA99B0000F4BFC1 /* SwiftEnumColorTests */ = {
			isa = PBXGroup;
			children = (
				69BFB08E1FA99B0000F4BFC1 /* SwiftEnumColorTests.swift */,
				69BFB0901FA99B0000F4BFC1 /* Info.plist */,
			);
			path = SwiftEnumColorTests;
			sourceTree = "<group>";
		};
		69BFB0981FA99B0000F4BFC1 /* SwiftEnumColorUITests */ = {
			isa = PBXGroup;
			children = (
				69BFB0991FA99B0000F4BFC1 /* SwiftEnumColorUITests.swift */,
				69BFB09B1FA99B0000F4BFC1 /* Info.plist */,
			);
			path = SwiftEnumColorUITests;
			sourceTree = "<group>";
		};
/* End PBXGroup section */

/* Begin PBXNativeTarget section */
		69BFB0751FA99B0000F4BFC1 /* SwiftEnumColor */ = {
			isa = PBXNativeTarget;
			buildConfigurationList = 69BFB09E1FA99B0000F4BFC1 /* Build configuration list for PBXNativeTarget "SwiftEnumColor" */;
			buildPhases = (
				69BFB0721FA99B0000F4BFC1 /* Sources */,
				69BFB0731FA99B0000F4BFC1 /* Frameworks */,
				69BFB0741FA99B0000F4BFC1 /* Resources */,
			);
			buildRules = (
			);
			dependencies = (
			);
			name = SwiftEnumColor;
			productName = SwiftEnumColor;
			productReference = 69BFB0761FA99B0000F4BFC1 /* SwiftEnumColor.app */;
			productType = "com.apple.product-type.application";
		};
		69BFB0891FA99B0000F4BFC1 /* SwiftEnumColorTests */ = {
			isa = PBXNativeTarget;
			buildConfigurationList = 69BFB0A11FA99B0000F4BFC1 /* Build configuration list for PBXNativeTarget "SwiftEnumColorTests" */;
			buildPhases = (
				69BFB0861FA99B0000F4BFC1 /* Sources */,
				69BFB0871FA99B0000F4BFC1 /* Frameworks */,
				69BFB0881FA99B0000F4BFC1 /* Resources */,
			);
			buildRules = (
			);
			dependencies = (
				69BFB08C1FA99B0000F4BFC1 /* PBXTargetDependency */,
			);
			name = SwiftEnumColorTests;
			productName = SwiftEnumColorTests;
			productReference = 69BFB08A1FA99B0000F4BFC1 /* SwiftEnumColorTests.xctest */;
			productType = "com.apple.product-type.bundle.unit-test";
		};
		69BFB0941FA99B0000F4BFC1 /* SwiftEnumColorUITests */ = {
			isa = PBXNativeTarget;
			buildConfigurationList = 69BFB0A41FA99B0000F4BFC1 /* Build configuration list for PBXNativeTarget "SwiftEnumColorUITests" */;
			buildPhases = (
				69BFB0911FA99B0000F4BFC1 /* Sources */,
				69BFB0921FA99B0000F4BFC1 /* Frameworks */,
				69BFB0931FA99B0000F4BFC1 /* Resources */,
			);
			buildRules = (
			);
			dependencies = (
				69BFB0971FA99B0000F4BFC1 /* PBXTargetDependency */,
			);
			name = SwiftEnumColorUITests;
			productName = SwiftEnumColorUITests;
			productReference = 69BFB0951FA99B0000F4BFC1 /* SwiftEnumColorUITests.xctest */;
			productType = "com.apple.product-type.bundle.ui-testing";
		};
/* End PBXNativeTarget section */

/* Begin PBXProject section */
		69BFB06E1FA99B0000F4BFC1 /* Project object */ = {
			isa = PBXProject;
			attributes = {
				LastSwiftUpdateCheck = 0900;
				LastUpgradeCheck = 0900;
				ORGANIZATIONNAME = sycf_ios;
				TargetAttributes = {
					69BFB0751FA99B0000F4BFC1 = {
						CreatedOnToolsVersion = 9.0.1;
						ProvisioningStyle = Automatic;
					};
					69BFB0891FA99B0000F4BFC1 = {
						CreatedOnToolsVersion = 9.0.1;
						ProvisioningStyle = Automatic;
						TestTargetID = 69BFB0751FA99B0000F4BFC1;
					};
					69BFB0941FA99B0000F4BFC1 = {
						CreatedOnToolsVersion = 9.0.1;
						ProvisioningStyle = Automatic;
						TestTargetID = 69BFB0751FA99B0000F4BFC1;
					};
				};
			};
			buildConfigurationList = 69BFB0711FA99B0000F4BFC1 /* Build configuration list for PBXProject "SwiftEnumColor" */;
			compatibilityVersion = "Xcode 8.0";
			developmentRegion = en;
			hasScannedForEncodings = 0;
			knownRegions = (
				en,
				Base,
			);
			mainGroup = 69BFB06D1FA99B0000F4BFC1;
			productRefGroup = 69BFB0771FA99B0000F4BFC1 /* Products */;
			projectDirPath = "";
			projectRoot = "";
			targets = (
				69BFB0751FA99B0000F4BFC1 /* SwiftEnumColor */,
				69BFB0891FA99B0000F4BFC1 /* SwiftEnumColorTests */,
				69BFB0941FA99B0000F4BFC1 /* SwiftEnumColorUITests */,
			);
		};
/* End PBXProject section */

/* Begin PBXResourcesBuildPhase section */
		69BFB0741FA99B0000F4BFC1 /* Resources */ = {
			isa = PBXResourcesBuildPhase;
			buildActionMask = 2147483647;
			files = (
				69BFB0841FA99B0000F4BFC1 /* LaunchScreen.storyboard in Resources */,
				69BFB0811FA99B0000F4BFC1 /* Assets.xcassets in Resources */,
				69BFB07F1FA99B0000F4BFC1 /* Main.storyboard in Resources */,
			);
			runOnlyForDeploymentPostprocessing = 0;
		};
		69BFB0881FA99B0000F4BFC1 /* Resources */ = {
			isa = PBXResourcesBuildPhase;
			buildActionMask = 2147483647;
			files = (
			);
			runOnlyForDeploymentPostprocessing = 0;
		};
		69BFB0931FA99B0000F4BFC1 /* Resources */ = {
			isa = PBXResourcesBuildPhase;
			buildActionMask = 2147483647;
			files = (
			);
			runOnlyForDeploymentPostprocessing = 0;
		};
/* End PBXResourcesBuildPhase section */

/* Begin PBXSourcesBuildPhase section */
		69BFB0721FA99B0000F4BFC1 /* Sources */ = {
			isa = PBXSourcesBuildPhase;
			buildActionMask = 2147483647;
			files = (
				69BFB0AA1FA99BC500F4BFC1 /* UIColor+SBColor.swift in Sources */,
				69BFB07C1FA99B0000F4BFC1 /* ViewController.swift in Sources */,
				69BFB07A1FA99B0000F4BFC1 /* AppDelegate.swift in Sources */,
			);
			runOnlyForDeploymentPostprocessing = 0;
		};
		69BFB0861FA99B0000F4BFC1 /* Sources */ = {
			isa = PBXSourcesBuildPhase;
			buildActionMask = 2147483647;
			files = (
				69BFB08F1FA99B0000F4BFC1 /* SwiftEnumColorTests.swift in Sources */,
			);
			runOnlyForDeploymentPostprocessing = 0;
		};
		69BFB0911FA99B0000F4BFC1 /* Sources */ = {
			isa = PBXSourcesBuildPhase;
			buildActionMask = 2147483647;
			files = (
				69BFB09A1FA99B0000F4BFC1 /* SwiftEnumColorUITests.swift in Sources */,
			);
			runOnlyForDeploymentPostprocessing = 0;
		};
/* End PBXSourcesBuildPhase section */

/* Begin PBXTargetDependency section */
		69BFB08C1FA99B0000F4BFC1 /* PBXTargetDependency */ = {
			isa = PBXTargetDependency;
			target = 69BFB0751FA99B0000F4BFC1 /* SwiftEnumColor */;
			targetProxy = 69BFB08B1FA99B0000F4BFC1 /* PBXContainerItemProxy */;
		};
		69BFB0971FA99B0000F4BFC1 /* PBXTargetDependency */ = {
			isa = PBXTargetDependency;
			target = 69BFB0751FA99B0000F4BFC1 /* SwiftEnumColor */;
			targetProxy = 69BFB0961FA99B0000F4BFC1 /* PBXContainerItemProxy */;
		};
/* End PBXTargetDependency section */

/* Begin PBXVariantGroup section */
		69BFB07D1FA99B0000F4BFC1 /* Main.storyboard */ = {
			isa = PBXVariantGroup;
			children = (
				69BFB07E1FA99B0000F4BFC1 /* Base */,
			);
			name = Main.storyboard;
			sourceTree = "<group>";
		};
		69BFB0821FA99B0000F4BFC1 /* LaunchScreen.storyboard */ = {
			isa = PBXVariantGroup;
			children = (
				69BFB0831FA99B0000F4BFC1 /* Base */,
			);
			name = LaunchScreen.storyboard;
			sourceTree = "<group>";
		};
/* End PBXVariantGroup section */

/* Begin XCBuildConfiguration section */
		69BFB09C1FA99B0000F4BFC1 /* Debug */ = {
			isa = XCBuildConfiguration;
			buildSettings = {
				ALWAYS_SEARCH_USER_PATHS = NO;
				CLANG_ANALYZER_NONNULL = YES;
				CLANG_ANALYZER_NUMBER_OBJECT_CONVERSION = YES_AGGRESSIVE;
				CLANG_CXX_LANGUAGE_STANDARD = "gnu++14";
				CLANG_CXX_LIBRARY = "libc++";
				CLANG_ENABLE_MODULES = YES;
				CLANG_ENABLE_OBJC_ARC = YES;
				CLANG_WARN_BLOCK_CAPTURE_AUTORELEASING = YES;
				CLANG_WARN_BOOL_CONVERSION = YES;
				CLANG_WARN_COMMA = YES;
				CLANG_WARN_CONSTANT_CONVERSION = YES;
				CLANG_WARN_DIRECT_OBJC_ISA_USAGE = YES_ERROR;
				CLANG_WARN_DOCUMENTATION_COMMENTS = YES;
				CLANG_WARN_EMPTY_BODY = YES;
				CLANG_WARN_ENUM_CONVERSION = YES;
				CLANG_WARN_INFINITE_RECURSION = YES;
				CLANG_WARN_INT_CONVERSION = YES;
				CLANG_WARN_NON_LITERAL_NULL_CONVERSION = YES;
				CLANG_WARN_OBJC_LITERAL_CONVERSION = YES;
				CLANG_WARN_OBJC_ROOT_CLASS = YES_ERROR;
				CLANG_WARN_RANGE_LOOP_ANALYSIS = YES;
				CLANG_WARN_STRICT_PROTOTYPES = YES;
				CLANG_WARN_SUSPICIOUS_MOVE = YES;
				CLANG_WARN_UNGUARDED_AVAILABILITY = YES_AGGRESSIVE;
				CLANG_WARN_UNREACHABLE_CODE = YES;
				CLANG_WARN__DUPLICATE_METHOD_MATCH = YES;
				CODE_SIGN_IDENTITY = "iPhone Developer";
				COPY_PHASE_STRIP = NO;
				DEBUG_INFORMATION_FORMAT = dwarf;
				ENABLE_STRICT_OBJC_MSGSEND = YES;
				ENABLE_TESTABILITY = YES;
				GCC_C_LANGUAGE_STANDARD = gnu11;
				GCC_DYNAMIC_NO_PIC = NO;
				GCC_NO_COMMON_BLOCKS = YES;
				GCC_OPTIMIZATION_LEVEL = 0;
				GCC_PREPROCESSOR_DEFINITIONS = (
					"DEBUG=1",
					"$(inherited)",
				);
				GCC_WARN_64_TO_32_BIT_CONVERSION = YES;
				GCC_WARN_ABOUT_RETURN_TYPE = YES_ERROR;
				GCC_WARN_UNDECLARED_SELECTOR = YES;
				GCC_WARN_UNINITIALIZED_AUTOS = YES_AGGRESSIVE;
				GCC_WARN_UNUSED_FUNCTION = YES;
				GCC_WARN_UNUSED_VARIABLE = YES;
				IPHONEOS_DEPLOYMENT_TARGET = 11.0;
				MTL_ENABLE_DEBUG_INFO = YES;
				ONLY_ACTIVE_ARCH = YES;
				SDKROOT = iphoneos;
				SWIFT_ACTIVE_COMPILATION_CONDITIONS = DEBUG;
				SWIFT_OPTIMIZATION_LEVEL = "-Onone";
			};
			name = Debug;
		};
		69BFB09D1FA99B0000F4BFC1 /* Release */ = {
			isa = XCBuildConfiguration;
			buildSettings = {
				ALWAYS_SEARCH_USER_PATHS = NO;
				CLANG_ANALYZER_NONNULL = YES;
				CLANG_ANALYZER_NUMBER_OBJECT_CONVERSION = YES_AGGRESSIVE;
				CLANG_CXX_LANGUAGE_STANDARD = "gnu++14";
				CLANG_CXX_LIBRARY = "libc++";
				CLANG_ENABLE_MODULES = YES;
				CLANG_ENABLE_OBJC_ARC = YES;
				CLANG_WARN_BLOCK_CAPTURE_AUTORELEASING = YES;
				CLANG_WARN_BOOL_CONVERSION = YES;
				CLANG_WARN_COMMA = YES;
				CLANG_WARN_CONSTANT_CONVERSION = YES;
				CLANG_WARN_DIRECT_OBJC_ISA_USAGE = YES_ERROR;
				CLANG_WARN_DOCUMENTATION_COMMENTS = YES;
				CLANG_WARN_EMPTY_BODY = YES;
				CLANG_WARN_ENUM_CONVERSION = YES;
				CLANG_WARN_INFINITE_RECURSION = YES;
				CLANG_WARN_INT_CONVERSION = YES;
				CLANG_WARN_NON_LITERAL_NULL_CONVERSION = YES;
				CLANG_WARN_OBJC_LITERAL_CONVERSION = YES;
				CLANG_WARN_OBJC_ROOT_CLASS = YES_ERROR;
				CLANG_WARN_RANGE_LOOP_ANALYSIS = YES;
				CLANG_WARN_STRICT_PROTOTYPES = YES;
				CLANG_WARN_SUSPICIOUS_MOVE = YES;
				CLANG_WARN_UNGUARDED_AVAILABILITY = YES_AGGRESSIVE;
				CLANG_WARN_UNREACHABLE_CODE = YES;
				CLANG_WARN__DUPLICATE_METHOD_MATCH = YES;
				CODE_SIGN_IDENTITY = "iPhone Developer";
				COPY_PHASE_STRIP = NO;
				DEBUG_INFORMATION_FORMAT = "dwarf-with-dsym";
				ENABLE_NS_ASSERTIONS = NO;
				ENABLE_STRICT_OBJC_MSGSEND = YES;
				GCC_C_LANGUAGE_STANDARD = gnu11;
				GCC_NO_COMMON_BLOCKS = YES;
				GCC_WARN_64_TO_32_BIT_CONVERSION = YES;
				GCC_WARN_ABOUT_RETURN_TYPE = YES_ERROR;
				GCC_WARN_UNDECLARED_SELECTOR = YES;
				GCC_WARN_UNINITIALIZED_AUTOS = YES_AGGRESSIVE;
				GCC_WARN_UNUSED_FUNCTION = YES;
				GCC_WARN_UNUSED_VARIABLE = YES;
				IPHONEOS_DEPLOYMENT_TARGET = 11.0;
				MTL_ENABLE_DEBUG_INFO = NO;
				SDKROOT = iphoneos;
				SWIFT_OPTIMIZATION_LEVEL = "-Owholemodule";
				VALIDATE_PRODUCT = YES;
			};
			name = Release;
		};
		69BFB09F1FA99B0000F4BFC1 /* Debug */ = {
			isa = XCBuildConfiguration;
			buildSettings = {
				ASSETCATALOG_COMPILER_APPICON_NAME = AppIcon;
				CODE_SIGN_STYLE = Automatic;
				DEVELOPMENT_TEAM = W547SRU75H;
				INFOPLIST_FILE = SwiftEnumColor/Info.plist;
				LD_RUNPATH_SEARCH_PATHS = "$(inherited) @executable_path/Frameworks";
				PRODUCT_BUNDLE_IDENTIFIER = sb.com.SwiftEnumColor;
				PRODUCT_NAME = "$(TARGET_NAME)";
				SWIFT_VERSION = 4.0;
				TARGETED_DEVICE_FAMILY = "1,2";
			};
			name = Debug;
		};
		69BFB0A01FA99B0000F4BFC1 /* Release */ = {
			isa = XCBuildConfiguration;
			buildSettings = {
				ASSETCATALOG_COMPILER_APPICON_NAME = AppIcon;
				CODE_SIGN_STYLE = Automatic;
				DEVELOPMENT_TEAM = W547SRU75H;
				INFOPLIST_FILE = SwiftEnumColor/Info.plist;
				LD_RUNPATH_SEARCH_PATHS = "$(inherited) @executable_path/Frameworks";
				PRODUCT_BUNDLE_IDENTIFIER = sb.com.SwiftEnumColor;
				PRODUCT_NAME = "$(TARGET_NAME)";
				SWIFT_VERSION = 4.0;
				TARGETED_DEVICE_FAMILY = "1,2";
			};
			name = Release;
		};
		69BFB0A21FA99B0000F4BFC1 /* Debug */ = {
			isa = XCBuildConfiguration;
			buildSettings = {
				ALWAYS_EMBED_SWIFT_STANDARD_LIBRARIES = YES;
				BUNDLE_LOADER = "$(TEST_HOST)";
				CODE_SIGN_STYLE = Automatic;
				DEVELOPMENT_TEAM = W547SRU75H;
				INFOPLIST_FILE = SwiftEnumColorTests/Info.plist;
				LD_RUNPATH_SEARCH_PATHS = "$(inherited) @executable_path/Frameworks @loader_path/Frameworks";
				PRODUCT_BUNDLE_IDENTIFIER = sb.com.SwiftEnumColorTests;
				PRODUCT_NAME = "$(TARGET_NAME)";
				SWIFT_VERSION = 4.0;
				TARGETED_DEVICE_FAMILY = "1,2";
				TEST_HOST = "$(BUILT_PRODUCTS_DIR)/SwiftEnumColor.app/SwiftEnumColor";
			};
			name = Debug;
		};
		69BFB0A31FA99B0000F4BFC1 /* Release */ = {
			isa = XCBuildConfiguration;
			buildSettings = {
				ALWAYS_EMBED_SWIFT_STANDARD_LIBRARIES = YES;
				BUNDLE_LOADER = "$(TEST_HOST)";
				CODE_SIGN_STYLE = Automatic;
				DEVELOPMENT_TEAM = W547SRU75H;
				INFOPLIST_FILE = SwiftEnumColorTests/Info.plist;
				LD_RUNPATH_SEARCH_PATHS = "$(inherited) @executable_path/Frameworks @loader_path/Frameworks";
				PRODUCT_BUNDLE_IDENTIFIER = sb.com.SwiftEnumColorTests;
				PRODUCT_NAME = "$(TARGET_NAME)";
				SWIFT_VERSION = 4.0;
				TARGETED_DEVICE_FAMILY = "1,2";
				TEST_HOST = "$(BUILT_PRODUCTS_DIR)/SwiftEnumColor.app/SwiftEnumColor";
			};
			name = Release;
		};
		69BFB0A51FA99B0000F4BFC1 /* Debug */ = {
			isa = XCBuildConfiguration;
			buildSettings = {
				ALWAYS_EMBED_SWIFT_STANDARD_LIBRARIES = YES;
				CODE_SIGN_STYLE = Automatic;
				DEVELOPMENT_TEAM = W547SRU75H;
				INFOPLIST_FILE = SwiftEnumColorUITests/Info.plist;
				LD_RUNPATH_SEARCH_PATHS = "$(inherited) @executable_path/Frameworks @loader_path/Frameworks";
				PRODUCT_BUNDLE_IDENTIFIER = sb.com.SwiftEnumColorUITests;
				PRODUCT_NAME = "$(TARGET_NAME)";
				SWIFT_VERSION = 4.0;
				TARGETED_DEVICE_FAMILY = "1,2";
				TEST_TARGET_NAME = SwiftEnumColor;
			};
			name = Debug;
		};
		69BFB0A61FA99B0000F4BFC1 /* Release */ = {
			isa = XCBuildConfiguration;
			buildSettings = {
				ALWAYS_EMBED_SWIFT_STANDARD_LIBRARIES = YES;
				CODE_SIGN_STYLE = Automatic;
				DEVELOPMENT_TEAM = W547SRU75H;
				INFOPLIST_FILE = SwiftEnumColorUITests/Info.plist;
				LD_RUNPATH_SEARCH_PATHS = "$(inherited) @executable_path/Frameworks @loader_path/Frameworks";
				PRODUCT_BUNDLE_IDENTIFIER = sb.com.SwiftEnumColorUITests;
				PRODUCT_NAME = "$(TARGET_NAME)";
				SWIFT_VERSION = 4.0;
				TARGETED_DEVICE_FAMILY = "1,2";
				TEST_TARGET_NAME = SwiftEnumColor;
			};
			name = Release;
		};
/* End XCBuildConfiguration section */

/* Begin XCConfigurationList section */
		69BFB0711FA99B0000F4BFC1 /* Build configuration list for PBXProject "SwiftEnumColor" */ = {
			isa = XCConfigurationList;
			buildConfigurations = (
				69BFB09C1FA99B0000F4BFC1 /* Debug */,
				69BFB09D1FA99B0000F4BFC1 /* Release */,
			);
			defaultConfigurationIsVisible = 0;
			defaultConfigurationName = Release;
		};
		69BFB09E1FA99B0000F4BFC1 /* Build configuration list for PBXNativeTarget "SwiftEnumColor" */ = {
			isa = XCConfigurationList;
			buildConfigurations = (
				69BFB09F1FA99B0000F4BFC1 /* Debug */,
				69BFB0A01FA99B0000F4BFC1 /* Release */,
			);
			defaultConfigurationIsVisible = 0;
			defaultConfigurationName = Release;
		};
		69BFB0A11FA99B0000F4BFC1 /* Build configuration list for PBXNativeTarget "SwiftEnumColorTests" */ = {
			isa = XCConfigurationList;
			buildConfigurations = (
				69BFB0A21FA99B0000F4BFC1 /* Debug */,
				69BFB0A31FA99B0000F4BFC1 /* Release */,
			);
			defaultConfigurationIsVisible = 0;
			defaultConfigurationName = Release;
		};
		69BFB0A41FA99B0000F4BFC1 /* Build configuration list for PBXNativeTarget "SwiftEnumColorUITests" */ = {
			isa = XCConfigurationList;
			buildConfigurations = (
				69BFB0A51FA99B0000F4BFC1 /* Debug */,
				69BFB0A61FA99B0000F4BFC1 /* Release */,
			);
			defaultConfigurationIsVisible = 0;
			defaultConfigurationName = Release;
		};
/* End XCConfigurationList section */
	};
	rootObject = 69BFB06E1FA99B0000F4BFC1 /* Project object */;
}
